{
  "originHash" : "a2e1f797c9244a1fbb9c8078b4822ce59f6820514a41b06cdba812ce63eb4c4a",
  "pins" : [
    {
      "identity" : "grdb.swift",
      "kind" : "remoteSourceControl",
      "location" : "https://github.com/groue/GRDB.swift.git",
      "state" : {
        "branch" : "master",
        "revision" : "52b7b7bd26821c67f1c26b5e248fd6bcac4903a7"
      }
    },
    {
      "identity" : "swift-syntax",
      "kind" : "remoteSourceControl",
      "location" : "https://github.com/swiftlang/swift-syntax.git",
      "state" : {
        "revision" : "0687f71944021d616d34d922343dcef086855920",
        "version" : "600.0.1"
      }
    },
    {
      "identity" : "swift-testing",
      "kind" : "remoteSourceControl",
      "location" : "https://github.com/apple/swift-testing",
      "state" : {
        "revision" : "18c42c19cac3fafd61cab1156d4088664b7424ae",
        "version" : "6.0.3"
      }
    }
  ],
  "version" : 3
}
